
Microsoft Visual Studio Solution File, Format Version 12.00
# Visual Studio 2012
Project("{FAE04EC0-301F-11D3-BF4B-00C04F79EFBC}") = "LinqToSalesforce", "src\LinqToSalesforce\LinqToSalesforce.csproj", "{521936F1-70F2-4F11-A1E7-F437947AA49C}"
EndProject
Project("{FAE04EC0-301F-11D3-BF4B-00C04F79EFBC}") = "LinqToSalesforce.Test", "src\LinqToSalesforce.Test\LinqToSalesforce.Test.csproj", "{815F8BD6-CC59-4832-942F-07D168FD3E51}"
EndProject
Global
	GlobalSection(SolutionConfigurationPlatforms) = preSolution
		Debug|Any CPU = Debug|Any CPU
		Debug|Mixed Platforms = Debug|Mixed Platforms
		Debug|x86 = Debug|x86
		Release|Any CPU = Release|Any CPU
		Release|Mixed Platforms = Release|Mixed Platforms
		Release|x86 = Release|x86
	EndGlobalSection
	GlobalSection(ProjectConfigurationPlatforms) = postSolution
		{521936F1-70F2-4F11-A1E7-F437947AA49C}.Debug|Any CPU.ActiveCfg = Debug|Any CPU
		{521936F1-70F2-4F11-A1E7-F437947AA49C}.Debug|Any CPU.Build.0 = Debug|Any CPU
		{521936F1-70F2-4F11-A1E7-F437947AA49C}.Debug|Mixed Platforms.ActiveCfg = Debug|Any CPU
		{521936F1-70F2-4F11-A1E7-F437947AA49C}.Debug|Mixed Platforms.Build.0 = Debug|Any CPU
		{521936F1-70F2-4F11-A1E7-F437947AA49C}.Debug|x86.ActiveCfg = Debug|Any CPU
		{521936F1-70F2-4F11-A1E7-F437947AA49C}.Release|Any CPU.ActiveCfg = Release|Any CPU
		{521936F1-70F2-4F11-A1E7-F437947AA49C}.Release|Any CPU.Build.0 = Release|Any CPU
		{521936F1-70F2-4F11-A1E7-F437947AA49C}.Release|Mixed Platforms.ActiveCfg = Release|Any CPU
		{521936F1-70F2-4F11-A1E7-F437947AA49C}.Release|Mixed Platforms.Build.0 = Release|Any CPU
		{521936F1-70F2-4F11-A1E7-F437947AA49C}.Release|x86.ActiveCfg = Release|Any CPU
		{815F8BD6-CC59-4832-942F-07D168FD3E51}.Debug|Any CPU.ActiveCfg = Debug|Any CPU
		{815F8BD6-CC59-4832-942F-07D168FD3E51}.Debug|Any CPU.Build.0 = Debug|Any CPU
		{815F8BD6-CC59-4832-942F-07D168FD3E51}.Debug|Mixed Platforms.ActiveCfg = Debug|Any CPU
		{815F8BD6-CC59-4832-942F-07D168FD3E51}.Debug|Mixed Platforms.Build.0 = Debug|Any CPU
		{815F8BD6-CC59-4832-942F-07D168FD3E51}.Debug|x86.ActiveCfg = Debug|Any CPU
		{815F8BD6-CC59-4832-942F-07D168FD3E51}.Release|Any CPU.ActiveCfg = Release|Any CPU
		{815F8BD6-CC59-4832-942F-07D168FD3E51}.Release|Any CPU.Build.0 = Release|Any CPU
		{815F8BD6-CC59-4832-942F-07D168FD3E51}.Release|Mixed Platforms.ActiveCfg = Release|Any CPU
		{815F8BD6-CC59-4832-942F-07D168FD3E51}.Release|Mixed Platforms.Build.0 = Release|Any CPU
		{815F8BD6-CC59-4832-942F-07D168FD3E51}.Release|x86.ActiveCfg = Release|Any CPU
	EndGlobalSection
	GlobalSection(SolutionProperties) = preSolution
		HideSolutionNode = FALSE
	EndGlobalSection
EndGlobal
